# THIS IS AN AUTOGENERATED FILE. DO NOT EDIT THIS FILE DIRECTLY.
# yarn lockfile v1


"@types/node@^20.5.6":
  version "20.5.6"
  resolved "https://registry.npmjs.org/@types/node/-/node-20.5.6.tgz"
  integrity sha512-Gi5wRGPbbyOTX+4Y2iULQ27oUPrefaB0PxGQJnfyWN3kvEDGM3mIB5M/gQLmitZf7A9FmLeaqxD3L1CXpm3VKQ==

commander@^11.0.0:
  version "11.0.0"
  resolved "https://registry.npmjs.org/commander/-/commander-11.0.0.tgz"
  integrity sha512-9HMlXtt/BNoYr8ooyjjNRdIilOTkVJXB+GhxMTtOKwk0R4j4lS4NpjuqmRxroBfnfTSHQIHQB7wryHhXarNjmQ==

console-log-colors@^0.4.0:
  version "0.4.0"
  resolved "https://registry.yarnpkg.com/console-log-colors/-/console-log-colors-0.4.0.tgz#35ebaa439416e6be069c4b08cc66c9a08d023f79"
  integrity sha512-XX0qO0MUzbREpPrutavmOLML8h8IokzKTzJqMwvykBcL9D7bMbj5P17+driOjy4RaA99aIAkMDo8holIxYbbpQ==

typescript@^5.2.2:
  version "5.2.2"
  resolved "https://registry.npmjs.org/typescript/-/typescript-5.2.2.tgz"
  integrity sha512-mI4WrpHsbCIcwT9cF4FZvr80QUeKvsUsUvKDoR+X/7XHQH98xYD8YHZg7ANtz2GtZt/CBq2QJ0thkGJMHfqc1w==
